
Microsoft Visual Studio Solution File, Format Version 12.00
# Visual Studio Version 16
VisualStudioVersion = 16.0.31129.286
MinimumVisualStudioVersion = 10.0.40219.1
Project("{8BC9CEB8-8B4A-11D0-8D11-00A0C91BC942}") = "game", "game\game.vcxproj", "{3D161DD0-3A68-4322-9DEB-F7B9FDA3E64E}"
EndProject
Project("{8BC9CEB8-8B4A-11D0-8D11-00A0C91BC942}") = "core", "core\core.vcxproj", "{9BC995E5-6E8D-49FD-B3DF-BDC344505836}"
EndProject
Project("{8BC9CEB8-8B4A-11D0-8D11-00A0C91BC942}") = "data", "data\data.vcxproj", "{934F5929-A452-468C-A3E5-0CABCF212C01}"
EndProject
Project("{8BC9CEB8-8B4A-11D0-8D11-00A0C91BC942}") = "gui", "gui\gui.vcxproj", "{5A864FD2-4D12-4CFE-B4F4-3FABB959E619}"
EndProject
Project("{8BC9CEB8-8B4A-11D0-8D11-00A0C91BC942}") = "gfx", "gfx\gfx.vcxproj", "{7A1CB818-316B-44BB-A80E-F28C44751720}"
EndProject
Project("{8BC9CEB8-8B4A-11D0-8D11-00A0C91BC942}") = "logic", "logic\logic.vcxproj", "{D23307C2-07FB-45CC-A03E-452E9DC039B4}"
EndProject
Global
	GlobalSection(SolutionConfigurationPlatforms) = preSolution
		Debug|x64 = Debug|x64
		Debug|x86 = Debug|x86
		Release|x64 = Release|x64
		Release|x86 = Release|x86
	EndGlobalSection
	GlobalSection(ProjectConfigurationPlatforms) = postSolution
		{3D161DD0-3A68-4322-9DEB-F7B9FDA3E64E}.Debug|x64.ActiveCfg = Debug|x64
		{3D161DD0-3A68-4322-9DEB-F7B9FDA3E64E}.Debug|x64.Build.0 = Debug|x64
		{3D161DD0-3A68-4322-9DEB-F7B9FDA3E64E}.Debug|x86.ActiveCfg = Debug|Win32
		{3D161DD0-3A68-4322-9DEB-F7B9FDA3E64E}.Debug|x86.Build.0 = Debug|Win32
		{3D161DD0-3A68-4322-9DEB-F7B9FDA3E64E}.Release|x64.ActiveCfg = Release|x64
		{3D161DD0-3A68-4322-9DEB-F7B9FDA3E64E}.Release|x64.Build.0 = Release|x64
		{3D161DD0-3A68-4322-9DEB-F7B9FDA3E64E}.Release|x86.ActiveCfg = Release|Win32
		{3D161DD0-3A68-4322-9DEB-F7B9FDA3E64E}.Release|x86.Build.0 = Release|Win32
		{9BC995E5-6E8D-49FD-B3DF-BDC344505836}.Debug|x64.ActiveCfg = Debug|x64
		{9BC995E5-6E8D-49FD-B3DF-BDC344505836}.Debug|x64.Build.0 = Debug|x64
		{9BC995E5-6E8D-49FD-B3DF-BDC344505836}.Debug|x86.ActiveCfg = Debug|Win32
		{9BC995E5-6E8D-49FD-B3DF-BDC344505836}.Debug|x86.Build.0 = Debug|Win32
		{9BC995E5-6E8D-49FD-B3DF-BDC344505836}.Release|x64.ActiveCfg = Release|x64
		{9BC995E5-6E8D-49FD-B3DF-BDC344505836}.Release|x64.Build.0 = Release|x64
		{9BC995E5-6E8D-49FD-B3DF-BDC344505836}.Release|x86.ActiveCfg = Release|Win32
		{9BC995E5-6E8D-49FD-B3DF-BDC344505836}.Release|x86.Build.0 = Release|Win32
		{934F5929-A452-468C-A3E5-0CABCF212C01}.Debug|x64.ActiveCfg = Debug|x64
		{934F5929-A452-468C-A3E5-0CABCF212C01}.Debug|x64.Build.0 = Debug|x64
		{934F5929-A452-468C-A3E5-0CABCF212C01}.Debug|x86.ActiveCfg = Debug|Win32
		{934F5929-A452-468C-A3E5-0CABCF212C01}.Debug|x86.Build.0 = Debug|Win32
		{934F5929-A452-468C-A3E5-0CABCF212C01}.Release|x64.ActiveCfg = Release|x64
		{934F5929-A452-468C-A3E5-0CABCF212C01}.Release|x64.Build.0 = Release|x64
		{934F5929-A452-468C-A3E5-0CABCF212C01}.Release|x86.ActiveCfg = Release|Win32
		{934F5929-A452-468C-A3E5-0CABCF212C01}.Release|x86.Build.0 = Release|Win32
		{5A864FD2-4D12-4CFE-B4F4-3FABB959E619}.Debug|x64.ActiveCfg = Debug|x64
		{5A864FD2-4D12-4CFE-B4F4-3FABB959E619}.Debug|x64.Build.0 = Debug|x64
		{5A864FD2-4D12-4CFE-B4F4-3FABB959E619}.Debug|x86.ActiveCfg = Debug|Win32
		{5A864FD2-4D12-4CFE-B4F4-3FABB959E619}.Debug|x86.Build.0 = Debug|Win32
		{5A864FD2-4D12-4CFE-B4F4-3FABB959E619}.Release|x64.ActiveCfg = Release|x64
		{5A864FD2-4D12-4CFE-B4F4-3FABB959E619}.Release|x64.Build.0 = Release|x64
		{5A864FD2-4D12-4CFE-B4F4-3FABB959E619}.Release|x86.ActiveCfg = Release|Win32
		{5A864FD2-4D12-4CFE-B4F4-3FABB959E619}.Release|x86.Build.0 = Release|Win32
		{7A1CB818-316B-44BB-A80E-F28C44751720}.Debug|x64.ActiveCfg = Debug|x64
		{7A1CB818-316B-44BB-A80E-F28C44751720}.Debug|x64.Build.0 = Debug|x64
		{7A1CB818-316B-44BB-A80E-F28C44751720}.Debug|x86.ActiveCfg = Debug|Win32
		{7A1CB818-316B-44BB-A80E-F28C44751720}.Debug|x86.Build.0 = Debug|Win32
		{7A1CB818-316B-44BB-A80E-F28C44751720}.Release|x64.ActiveCfg = Release|x64
		{7A1CB818-316B-44BB-A80E-F28C44751720}.Release|x64.Build.0 = Release|x64
		{7A1CB818-316B-44BB-A80E-F28C44751720}.Release|x86.ActiveCfg = Release|Win32
		{7A1CB818-316B-44BB-A80E-F28C44751720}.Release|x86.Build.0 = Release|Win32
		{D23307C2-07FB-45CC-A03E-452E9DC039B4}.Debug|x64.ActiveCfg = Debug|x64
		{D23307C2-07FB-45CC-A03E-452E9DC039B4}.Debug|x64.Build.0 = Debug|x64
		{D23307C2-07FB-45CC-A03E-452E9DC039B4}.Debug|x86.ActiveCfg = Debug|Win32
		{D23307C2-07FB-45CC-A03E-452E9DC039B4}.Debug|x86.Build.0 = Debug|Win32
		{D23307C2-07FB-45CC-A03E-452E9DC039B4}.Release|x64.ActiveCfg = Release|x64
		{D23307C2-07FB-45CC-A03E-452E9DC039B4}.Release|x64.Build.0 = Release|x64
		{D23307C2-07FB-45CC-A03E-452E9DC039B4}.Release|x86.ActiveCfg = Release|Win32
		{D23307C2-07FB-45CC-A03E-452E9DC039B4}.Release|x86.Build.0 = Release|Win32
	EndGlobalSection
	GlobalSection(SolutionProperties) = preSolution
		HideSolutionNode = FALSE
	EndGlobalSection
	GlobalSection(ExtensibilityGlobals) = postSolution
		SolutionGuid = {35846687-5DF0-476A-8E81-92C14DB60B6A}
	EndGlobalSection
EndGlobal
